
Microsoft Visual Studio Solution File, Format Version 12.00
# Visual Studio Version 16
VisualStudioVersion = 25.0.1706.6
MinimumVisualStudioVersion = 10.0.40219.1
Project("{FAE04EC0-301F-11D3-BF4B-00C04F79EFBC}") = "sayfa75odev", "sayfa75odev\sayfa75odev.csproj", "{20CF4464-672D-4CA5-A7B1-6E51B9418B77}"
EndProject
Global
	GlobalSection(SolutionConfigurationPlatforms) = preSolution
		Debug|Any CPU = Debug|Any CPU
		Release|Any CPU = Release|Any CPU
	EndGlobalSection
	GlobalSection(ProjectConfigurationPlatforms) = postSolution
		{20CF4464-672D-4CA5-A7B1-6E51B9418B77}.Debug|Any CPU.ActiveCfg = Debug|Any CPU
		{20CF4464-672D-4CA5-A7B1-6E51B9418B77}.Debug|Any CPU.Build.0 = Debug|Any CPU
		{20CF4464-672D-4CA5-A7B1-6E51B9418B77}.Release|Any CPU.ActiveCfg = Release|Any CPU
		{20CF4464-672D-4CA5-A7B1-6E51B9418B77}.Release|Any CPU.Build.0 = Release|Any CPU
	EndGlobalSection
	GlobalSection(SolutionProperties) = preSolution
		HideSolutionNode = FALSE
	EndGlobalSection
	GlobalSection(ExtensibilityGlobals) = postSolution
		SolutionGuid = {394E0E06-A557-48AD-9409-BF4ACD2A4519}
	EndGlobalSection
EndGlobal
